
Microsoft Visual Studio Solution File, Format Version 12.00
# Visual Studio Version 17
VisualStudioVersion = 17.11.35208.52
MinimumVisualStudioVersion = 10.0.40219.1
Project("{FAE04EC0-301F-11D3-BF4B-00C04F79EFBC}") = "Weather.API", "WeatherApp\Weather.API.csproj", "{2809B25E-7E12-41FF-AC3B-6029E18EE120}"
EndProject
Project("{FAE04EC0-301F-11D3-BF4B-00C04F79EFBC}") = "Weather.Core", "Weather.Core\Weather.Core.csproj", "{C297F528-4530-40DC-B484-0ED0BCC33A6F}"
EndProject
Project("{FAE04EC0-301F-11D3-BF4B-00C04F79EFBC}") = "Weather.Repository", "Weather.Repository\Weather.Repository.csproj", "{2453A1C2-47CA-4FC8-BAAF-11EB1830A396}"
EndProject
Project("{FAE04EC0-301F-11D3-BF4B-00C04F79EFBC}") = "Weather.Service", "Weather.Service\Weather.Service.csproj", "{0BB50046-9D82-4161-B903-0447DC4282D6}"
EndProject
Project("{FAE04EC0-301F-11D3-BF4B-00C04F79EFBC}") = "Weather.Test", "Weather.Test\Weather.Test.csproj", "{31A3A6C4-C8B9-4F04-BCC2-D9D0298B2DAE}"
EndProject
Global
	GlobalSection(SolutionConfigurationPlatforms) = preSolution
		Debug|Any CPU = Debug|Any CPU
		Release|Any CPU = Release|Any CPU
	EndGlobalSection
	GlobalSection(ProjectConfigurationPlatforms) = postSolution
		{2809B25E-7E12-41FF-AC3B-6029E18EE120}.Debug|Any CPU.ActiveCfg = Debug|Any CPU
		{2809B25E-7E12-41FF-AC3B-6029E18EE120}.Debug|Any CPU.Build.0 = Debug|Any CPU
		{2809B25E-7E12-41FF-AC3B-6029E18EE120}.Release|Any CPU.ActiveCfg = Release|Any CPU
		{2809B25E-7E12-41FF-AC3B-6029E18EE120}.Release|Any CPU.Build.0 = Release|Any CPU
		{C297F528-4530-40DC-B484-0ED0BCC33A6F}.Debug|Any CPU.ActiveCfg = Debug|Any CPU
		{C297F528-4530-40DC-B484-0ED0BCC33A6F}.Debug|Any CPU.Build.0 = Debug|Any CPU
		{C297F528-4530-40DC-B484-0ED0BCC33A6F}.Release|Any CPU.ActiveCfg = Release|Any CPU
		{C297F528-4530-40DC-B484-0ED0BCC33A6F}.Release|Any CPU.Build.0 = Release|Any CPU
		{2453A1C2-47CA-4FC8-BAAF-11EB1830A396}.Debug|Any CPU.ActiveCfg = Debug|Any CPU
		{2453A1C2-47CA-4FC8-BAAF-11EB1830A396}.Debug|Any CPU.Build.0 = Debug|Any CPU
		{2453A1C2-47CA-4FC8-BAAF-11EB1830A396}.Release|Any CPU.ActiveCfg = Release|Any CPU
		{2453A1C2-47CA-4FC8-BAAF-11EB1830A396}.Release|Any CPU.Build.0 = Release|Any CPU
		{0BB50046-9D82-4161-B903-0447DC4282D6}.Debug|Any CPU.ActiveCfg = Debug|Any CPU
		{0BB50046-9D82-4161-B903-0447DC4282D6}.Debug|Any CPU.Build.0 = Debug|Any CPU
		{0BB50046-9D82-4161-B903-0447DC4282D6}.Release|Any CPU.ActiveCfg = Release|Any CPU
		{0BB50046-9D82-4161-B903-0447DC4282D6}.Release|Any CPU.Build.0 = Release|Any CPU
		{31A3A6C4-C8B9-4F04-BCC2-D9D0298B2DAE}.Debug|Any CPU.ActiveCfg = Debug|Any CPU
		{31A3A6C4-C8B9-4F04-BCC2-D9D0298B2DAE}.Debug|Any CPU.Build.0 = Debug|Any CPU
		{31A3A6C4-C8B9-4F04-BCC2-D9D0298B2DAE}.Release|Any CPU.ActiveCfg = Release|Any CPU
		{31A3A6C4-C8B9-4F04-BCC2-D9D0298B2DAE}.Release|Any CPU.Build.0 = Release|Any CPU
	EndGlobalSection
	GlobalSection(SolutionProperties) = preSolution
		HideSolutionNode = FALSE
	EndGlobalSection
	GlobalSection(ExtensibilityGlobals) = postSolution
		SolutionGuid = {6BB55FA9-104C-4FFC-BEDF-CE885960C87F}
	EndGlobalSection
EndGlobal
